
Microsoft Visual Studio Solution File, Format Version 12.00
# Visual Studio 15
VisualStudioVersion = 15.0.27703.2035
MinimumVisualStudioVersion = 10.0.40219.1
Project("{FAE04EC0-301F-11D3-BF4B-00C04F79EFBC}") = "Lab8", "Lab8\Lab8.csproj", "{0C613707-D90D-44A1-BFAE-6B96773ABAF8}"
EndProject
Global
	GlobalSection(SolutionConfigurationPlatforms) = preSolution
		Debug|Any CPU = Debug|Any CPU
		Release|Any CPU = Release|Any CPU
	EndGlobalSection
	GlobalSection(ProjectConfigurationPlatforms) = postSolution
		{0C613707-D90D-44A1-BFAE-6B96773ABAF8}.Debug|Any CPU.ActiveCfg = Debug|Any CPU
		{0C613707-D90D-44A1-BFAE-6B96773ABAF8}.Debug|Any CPU.Build.0 = Debug|Any CPU
		{0C613707-D90D-44A1-BFAE-6B96773ABAF8}.Release|Any CPU.ActiveCfg = Release|Any CPU
		{0C613707-D90D-44A1-BFAE-6B96773ABAF8}.Release|Any CPU.Build.0 = Release|Any CPU
	EndGlobalSection
	GlobalSection(SolutionProperties) = preSolution
		HideSolutionNode = FALSE
	EndGlobalSection
	GlobalSection(ExtensibilityGlobals) = postSolution
		SolutionGuid = {A81441F6-B6D5-4721-ADAC-7B264EC1B545}
	EndGlobalSection
EndGlobal
